
Microsoft Visual Studio Solution File, Format Version 12.00
# Visual Studio Version 17
VisualStudioVersion = 17.7.34031.279
MinimumVisualStudioVersion = 10.0.40219.1
Project("{FAE04EC0-301F-11D3-BF4B-00C04F79EFBC}") = "Wage Wizard", "Wage Wizard.csproj", "{9481F1D5-F77A-4F84-BEA4-FB3C40628799}"
EndProject
Global
	GlobalSection(SolutionConfigurationPlatforms) = preSolution
		Debug|Any CPU = Debug|Any CPU
		Release|Any CPU = Release|Any CPU
	EndGlobalSection
	GlobalSection(ProjectConfigurationPlatforms) = postSolution
		{9481F1D5-F77A-4F84-BEA4-FB3C40628799}.Debug|Any CPU.ActiveCfg = Debug|Any CPU
		{9481F1D5-F77A-4F84-BEA4-FB3C40628799}.Debug|Any CPU.Build.0 = Debug|Any CPU
		{9481F1D5-F77A-4F84-BEA4-FB3C40628799}.Release|Any CPU.ActiveCfg = Release|Any CPU
		{9481F1D5-F77A-4F84-BEA4-FB3C40628799}.Release|Any CPU.Build.0 = Release|Any CPU
	EndGlobalSection
	GlobalSection(SolutionProperties) = preSolution
		HideSolutionNode = FALSE
	EndGlobalSection
	GlobalSection(ExtensibilityGlobals) = postSolution
		SolutionGuid = {45C69F6D-9D24-4F16-A67F-932685E19B0A}
	EndGlobalSection
EndGlobal
